<?xml version="1.0" encoding="UTF-8"?>
<Scheme
   LastUpgradeVersion="0940"
   version="1.3"
   >
   <BuildAction
      parallelizeBuildables="YES"
      buildImplicitDependencies="YES"
      >
      <BuildActionEntries>
         <BuildActionEntry
            buildForTesting="YES"
            buildForRunning="YES"
            buildForProfiling="YES"
            buildForArchiving="YES"
            buildForAnalyzing="YES"
            >
            <BuildableReference
               BuildableIdentifier="primary"
               BlueprintIdentifier="B4D979D4267A4BAC959FC12A"
               BuildableName="libcpp11_test.a"
               BlueprintName="cpp11_test"
               ReferencedContainer="container:../../../examples/build/dlib_build/cpp11_test_build/cpp11_test.xcodeproj"/>
         </BuildActionEntry>
      </BuildActionEntries>
   </BuildAction>
   <TestAction
      buildConfiguration="Debug"
      selectedDebuggerIdentifier="Xcode.DebuggerFoundation.Debugger.LLDB"
      selectedLauncherIdentifier="Xcode.DebuggerFoundation.Launcher.LLDB"
      shouldUseLaunchSchemeArgsEnv="YES"
      >
      <Testables/>
      <AdditionalOptions/>
   </TestAction>
   <LaunchAction
      buildConfiguration="Debug"
      selectedDebuggerIdentifier="Xcode.DebuggerFoundation.Debugger.LLDB"
      selectedLauncherIdentifier="Xcode.DebuggerFoundation.Launcher.LLDB"
      launchStyle="0"
      useCustomWorkingDirectory="NO"
      ignoresPersistentStateOnLaunch="NO"
      debugDocumentVersioning="YES"
      debugServiceExtension="internal"
      allowLocationSimulation="YES"
      >
      <MacroExpansion>
         <BuildableReference
            BuildableIdentifier="primary"
            BlueprintIdentifier="B4D979D4267A4BAC959FC12A"
            BuildableName="libcpp11_test.a"
            BlueprintName="cpp11_test"
            ReferencedContainer="container:../../../examples/build/dlib_build/cpp11_test_build/cpp11_test.xcodeproj"/>
      </MacroExpansion>
      <AdditionalOptions/>
   </LaunchAction>
   <ProfileAction
      buildConfiguration="Release"
      shouldUseLaunchSchemeArgsEnv="YES"
      savedToolIdentifier=""
      useCustomWorkingDirectory="NO"
      debugDocumentVersioning="YES"/>
   <AnalyzeAction
      buildConfiguration="Debug"/>
   <ArchiveAction
      buildConfiguration="Release"
      revealArchiveInOrganizer="YES"/>
</Scheme>